// !$*UTF8*$!
{
	archiveVersion = 1;
	classes = {
	};
	objectVersion = 46;
	objects = {

/* Begin PBXBuildFile section */
		2296FB861BD483B500CB77D1 /* main.m in Sources */ = {isa = PBXBuildFile; fileRef = 2296FB851BD483B500CB77D1 /* main.m */; };
		2296FB8E1BD483BC00CB77D1 /* utils.m in Sources */ = {isa = PBXBuildFile; fileRef = 2296FB8D1BD483BC00CB77D1 /* utils.m */; settings = {ASSET_TAGS = (); }; };
/* End PBXBuildFile section */

/* Begin PBXCopyFilesBuildPhase section */
		2296FB801BD483B500CB77D1 /* CopyFiles */ = {
			isa = PBXCopyFilesBuildPhase;
			buildActionMask = 2147483647;
			dstPath = /usr/share/man/man1/;
			dstSubfolderSpec = 0;
			files = (
			);
			runOnlyForDeploymentPostprocessing = 1;
		};
/* End PBXCopyFilesBuildPhase section */

/* Begin PBXFileReference section */
		2296FB821BD483B500CB77D1 /* NSData-byte_operations */ = {isa = PBXFileReference; explicitFileType = "compiled.mach-o.executable"; includeInIndex = 0; path = "NSData-byte_operations"; sourceTree = BUILT_PRODUCTS_DIR; };
		2296FB851BD483B500CB77D1 /* main.m */ = {isa = PBXFileReference; lastKnownFileType = sourcecode.c.objc; path = main.m; sourceTree = "<group>"; };
		2296FB8C1BD483BC00CB77D1 /* utils.h */ = {isa = PBXFileReference; fileEncoding = 4; lastKnownFileType = sourcecode.c.h; path = utils.h; sourceTree = "<group>"; };
		2296FB8D1BD483BC00CB77D1 /* utils.m */ = {isa = PBXFileReference; fileEncoding = 4; lastKnownFileType = sourcecode.c.objc; path = utils.m; sourceTree = "<group>"; };
/* End PBXFileReference section */

/* Begin PBXFrameworksBuildPhase section */
		2296FB7F1BD483B500CB77D1 /* Frameworks */ = {
			isa = PBXFrameworksBuildPhase;
			buildActionMask = 2147483647;
			files = (
			);
			runOnlyForDeploymentPostprocessing = 0;
		};
/* End PBXFrameworksBuildPhase section */

/* Begin PBXGroup section */
		2296FB791BD483B500CB77D1 = {
			isa = PBXGroup;
			children = (
				2296FB841BD483B500CB77D1 /* NSData-byte_operations */,
				2296FB831BD483B500CB77D1 /* Products */,
			);
			sourceTree = "<group>";
		};
		2296FB831BD483B500CB77D1 /* Products */ = {
			isa = PBXGroup;
			children = (
				2296FB821BD483B500CB77D1 /* NSData-byte_operations */,
			);
			name = Products;
			sourceTree = "<group>";
		};
		2296FB841BD483B500CB77D1 /* NSData-byte_operations */ = {
			isa = PBXGroup;
			children = (
				2296FB851BD483B500CB77D1 /* main.m */,
				2296FB8C1BD483BC00CB77D1 /* utils.h */,
				2296FB8D1BD483BC00CB77D1 /* utils.m */,
			);
			path = "NSData-byte_operations";
			sourceTree = "<group>";
		};
/* End PBXGroup section */

/* Begin PBXNativeTarget section */
		2296FB811BD483B500CB77D1 /* NSData-byte_operations */ = {
			isa = PBXNativeTarget;
			buildConfigurationList = 2296FB891BD483B500CB77D1 /* Build configuration list for PBXNativeTarget "NSData-byte_operations" */;
			buildPhases = (
				2296FB7E1BD483B500CB77D1 /* Sources */,
				2296FB7F1BD483B500CB77D1 /* Frameworks */,
				2296FB801BD483B500CB77D1 /* CopyFiles */,
			);
			buildRules = (
			);
			dependencies = (
			);
			name = "NSData-byte_operations";
			productName = "NSData-byte_operations";
			productReference = 2296FB821BD483B500CB77D1 /* NSData-byte_operations */;
			productType = "com.apple.product-type.tool";
		};
/* End PBXNativeTarget section */

/* Begin PBXProject section */
		2296FB7A1BD483B500CB77D1 /* Project object */ = {
			isa = PBXProject;
			attributes = {
				LastUpgradeCheck = 0700;
				ORGANIZATIONNAME = FengJun;
				TargetAttributes = {
					2296FB811BD483B500CB77D1 = {
						CreatedOnToolsVersion = 7.0;
					};
				};
			};
			buildConfigurationList = 2296FB7D1BD483B500CB77D1 /* Build configuration list for PBXProject "NSData-byte_operations" */;
			compatibilityVersion = "Xcode 3.2";
			developmentRegion = English;
			hasScannedForEncodings = 0;
			knownRegions = (
				en,
			);
			mainGroup = 2296FB791BD483B500CB77D1;
			productRefGroup = 2296FB831BD483B500CB77D1 /* Products */;
			projectDirPath = "";
			projectRoot = "";
			targets = (
				2296FB811BD483B500CB77D1 /* NSData-byte_operations */,
			);
		};
/* End PBXProject section */

/* Begin PBXSourcesBuildPhase section */
		2296FB7E1BD483B500CB77D1 /* Sources */ = {
			isa = PBXSourcesBuildPhase;
			buildActionMask = 2147483647;
			files = (
				2296FB861BD483B500CB77D1 /* main.m in Sources */,
				2296FB8E1BD483BC00CB77D1 /* utils.m in Sources */,
			);
			runOnlyForDeploymentPostprocessing = 0;
		};
/* End PBXSourcesBuildPhase section */

/* Begin XCBuildConfiguration section */
		2296FB871BD483B500CB77D1 /* Debug */ = {
			isa = XCBuildConfiguration;
			buildSettings = {
				ALWAYS_SEARCH_USER_PATHS = NO;
				CLANG_CXX_LANGUAGE_STANDARD = "gnu++0x";
				CLANG_CXX_LIBRARY = "libc++";
				CLANG_ENABLE_MODULES = YES;
				CLANG_ENABLE_OBJC_ARC = YES;
				CLANG_WARN_BOOL_CONVERSION = YES;
				CLANG_WARN_CONSTANT_CONVERSION = YES;
				CLANG_WARN_DIRECT_OBJC_ISA_USAGE = YES_ERROR;
				CLANG_WARN_EMPTY_BODY = YES;
				CLANG_WARN_ENUM_CONVERSION = YES;
				CLANG_WARN_INT_CONVERSION = YES;
				CLANG_WARN_OBJC_ROOT_CLASS = YES_ERROR;
				CLANG_WARN_UNREACHABLE_CODE = YES;
				CLANG_WARN__DUPLICATE_METHOD_MATCH = YES;
				COPY_PHASE_STRIP = NO;
				DEBUG_INFORMATION_FORMAT = dwarf;
				ENABLE_STRICT_OBJC_MSGSEND = YES;
				ENABLE_TESTABILITY = YES;
				GCC_C_LANGUAGE_STANDARD = gnu99;
				GCC_DYNAMIC_NO_PIC = NO;
				GCC_NO_COMMON_BLOCKS = YES;
				GCC_OPTIMIZATION_LEVEL = 0;
				GCC_PREPROCESSOR_DEFINITIONS = (
					"DEBUG=1",
					"$(inherited)",
				);
				GCC_WARN_64_TO_32_BIT_CONVERSION = YES;
				GCC_WARN_ABOUT_RETURN_TYPE = YES_ERROR;
				GCC_WARN_UNDECLARED_SELECTOR = YES;
				GCC_WARN_UNINITIALIZED_AUTOS = YES_AGGRESSIVE;
				GCC_WARN_UNUSED_FUNCTION = YES;
				GCC_WARN_UNUSED_VARIABLE = YES;
				MACOSX_DEPLOYMENT_TARGET = 10.10;
				MTL_ENABLE_DEBUG_INFO = YES;
				ONLY_ACTIVE_ARCH = YES;
				SDKROOT = macosx;
			};
			name = Debug;
		};
		2296FB881BD483B500CB77D1 /* Release */ = {
			isa = XCBuildConfiguration;
			buildSettings = {
				ALWAYS_SEARCH_USER_PATHS = NO;
				CLANG_CXX_LANGUAGE_STANDARD = "gnu++0x";
				CLANG_CXX_LIBRARY = "libc++";
				CLANG_ENABLE_MODULES = YES;
				CLANG_ENABLE_OBJC_ARC = YES;
				CLANG_WARN_BOOL_CONVERSION = YES;
				CLANG_WARN_CONSTANT_CONVERSION = YES;
				CLANG_WARN_DIRECT_OBJC_ISA_USAGE = YES_ERROR;
				CLANG_WARN_EMPTY_BODY = YES;
				CLANG_WARN_ENUM_CONVERSION = YES;
				CLANG_WARN_INT_CONVERSION = YES;
				CLANG_WARN_OBJC_ROOT_CLASS = YES_ERROR;
				CLANG_WARN_UNREACHABLE_CODE = YES;
				CLANG_WARN__DUPLICATE_METHOD_MATCH = YES;
				COPY_PHASE_STRIP = NO;
				DEBUG_INFORMATION_FORMAT = "dwarf-with-dsym";
				ENABLE_NS_ASSERTIONS = NO;
				ENABLE_STRICT_OBJC_MSGSEND = YES;
				GCC_C_LANGUAGE_STANDARD = gnu99;
				GCC_NO_COMMON_BLOCKS = YES;
				GCC_WARN_64_TO_32_BIT_CONVERSION = YES;
				GCC_WARN_ABOUT_RETURN_TYPE = YES_ERROR;
				GCC_WARN_UNDECLARED_SELECTOR = YES;
				GCC_WARN_UNINITIALIZED_AUTOS = YES_AGGRESSIVE;
				GCC_WARN_UNUSED_FUNCTION = YES;
				GCC_WARN_UNUSED_VARIABLE = YES;
				MACOSX_DEPLOYMENT_TARGET = 10.10;
				MTL_ENABLE_DEBUG_INFO = NO;
				SDKROOT = macosx;
			};
			name = Release;
		};
		2296FB8A1BD483B500CB77D1 /* Debug */ = {
			isa = XCBuildConfiguration;
			buildSettings = {
				PRODUCT_NAME = "$(TARGET_NAME)";
			};
			name = Debug;
		};
		2296FB8B1BD483B500CB77D1 /* Release */ = {
			isa = XCBuildConfiguration;
			buildSettings = {
				PRODUCT_NAME = "$(TARGET_NAME)";
			};
			name = Release;
		};
/* End XCBuildConfiguration section */

/* Begin XCConfigurationList section */
		2296FB7D1BD483B500CB77D1 /* Build configuration list for PBXProject "NSData-byte_operations" */ = {
			isa = XCConfigurationList;
			buildConfigurations = (
				2296FB871BD483B500CB77D1 /* Debug */,
				2296FB881BD483B500CB77D1 /* Release */,
			);
			defaultConfigurationIsVisible = 0;
			defaultConfigurationName = Release;
		};
		2296FB891BD483B500CB77D1 /* Build configuration list for PBXNativeTarget "NSData-byte_operations" */ = {
			isa = XCConfigurationList;
			buildConfigurations = (
				2296FB8A1BD483B500CB77D1 /* Debug */,
				2296FB8B1BD483B500CB77D1 /* Release */,
			);
			defaultConfigurationIsVisible = 0;
		};
/* End XCConfigurationList section */
	};
	rootObject = 2296FB7A1BD483B500CB77D1 /* Project object */;
}
